lockfileVersion: 5.4

specifiers:
  esbuild-plugin-alias: ^0.2.1

devDependencies:
  esbuild-plugin-alias: 0.2.1

packages:

  /esbuild-plugin-alias/0.2.1:
    resolution: {integrity: sha1-RahsuUHiDnwrxoor6lNWIXJJT8s=, tarball: esbuild-plugin-alias/download/esbuild-plugin-alias-0.2.1.tgz}
    dev: true
